// !$*UTF8*$!
{
	archiveVersion = 1;
	classes = {
	};
	objectVersion = 46;
	objects = {

/* Begin PBXBuildFile section */
		185FB48B7B462FFF154A7DBF /* libPods-Orbit 360 Facetracking.a in Frameworks */ = {isa = PBXBuildFile; fileRef = 5767D0D544A4E8EE7F6D89C1 /* libPods-Orbit 360 Facetracking.a */; };
		611837C3672731E2EA7E7557 /* libPods-Orbit 360 FacetrackingTests.a in Frameworks */ = {isa = PBXBuildFile; fileRef = E6B935749E82F4EDCEF89B08 /* libPods-Orbit 360 FacetrackingTests.a */; };
		6261439EE1E603497DE76FD1 /* libPods-Orbit 360 FacetrackingUITests.a in Frameworks */ = {isa = PBXBuildFile; fileRef = 616538A151C3F3D3CA7BBDDC /* libPods-Orbit 360 FacetrackingUITests.a */; };
		A5831FA81E57275500A50103 /* CoordinateConversion.swift in Sources */ = {isa = PBXBuildFile; fileRef = A5831FA71E57275500A50103 /* CoordinateConversion.swift */; };
		A5831FAA1E57298800A50103 /* Point.swift in Sources */ = {isa = PBXBuildFile; fileRef = A5831FA91E57298800A50103 /* Point.swift */; };
		A5831FAC1E5732A800A50103 /* Control.swift in Sources */ = {isa = PBXBuildFile; fileRef = A5831FAB1E5732A800A50103 /* Control.swift */; };
		E80E5FFE1E744B38004EF2DE /* gradient.jpg in Resources */ = {isa = PBXBuildFile; fileRef = E80E5FF91E744B38004EF2DE /* gradient.jpg */; };
		E80E5FFF1E744B38004EF2DE /* haarcascade_frontalface_alt.xml in Resources */ = {isa = PBXBuildFile; fileRef = E80E5FFA1E744B38004EF2DE /* haarcascade_frontalface_alt.xml */; };
		E80E60031E745269004EF2DE /* Loadingscreen.png in Resources */ = {isa = PBXBuildFile; fileRef = E80E60021E745269004EF2DE /* Loadingscreen.png */; };
		E80E60051E745C1A004EF2DE /* cameraicon.png in Resources */ = {isa = PBXBuildFile; fileRef = E80E60041E745C1A004EF2DE /* cameraicon.png */; };
		E80E60081E746ADA004EF2DE /* start.png in Resources */ = {isa = PBXBuildFile; fileRef = E80E60061E746ADA004EF2DE /* start.png */; };
		E80E60091E746ADA004EF2DE /* stop.png in Resources */ = {isa = PBXBuildFile; fileRef = E80E60071E746ADA004EF2DE /* stop.png */; };
		E81EC93C1DE348F0005330F0 /* IPhoneModel.swift in Sources */ = {isa = PBXBuildFile; fileRef = E81EC93B1DE348EF005330F0 /* IPhoneModel.swift */; };
		E827BA151DB5171C005257CB /* BLEDiscovery.swift in Sources */ = {isa = PBXBuildFile; fileRef = E827BA141DB5171C005257CB /* BLEDiscovery.swift */; };
		E827BA171DB517DC005257CB /* BLEService.swift in Sources */ = {isa = PBXBuildFile; fileRef = E827BA161DB517DC005257CB /* BLEService.swift */; };
		E843FE4B1DBDB83F00C0B855 /* MotorControl.swift in Sources */ = {isa = PBXBuildFile; fileRef = E843FE4A1DBDB83F00C0B855 /* MotorControl.swift */; };
		E844FAAD1E748B8500082DA2 /* signal_blue.png in Resources */ = {isa = PBXBuildFile; fileRef = E844FAAA1E748B8500082DA2 /* signal_blue.png */; };
		E844FAAE1E748B8500082DA2 /* signal_dark_blue.png in Resources */ = {isa = PBXBuildFile; fileRef = E844FAAB1E748B8500082DA2 /* signal_dark_blue.png */; };
		E844FAAF1E748B8500082DA2 /* signal_grey.png in Resources */ = {isa = PBXBuildFile; fileRef = E844FAAC1E748B8500082DA2 /* signal_grey.png */; };
		E844FAB11E748E6500082DA2 /* ConnectViewController.swift in Sources */ = {isa = PBXBuildFile; fileRef = E844FAB01E748E6500082DA2 /* ConnectViewController.swift */; };
		E880ADFF1E74872C00E41ADB /* Launch Screen.storyboard in Resources */ = {isa = PBXBuildFile; fileRef = E880ADFD1E74872C00E41ADB /* Launch Screen.storyboard */; };
		E88B105C1E7C29D300794DAD /* startPhoto.png in Resources */ = {isa = PBXBuildFile; fileRef = E88B105B1E7C29D300794DAD /* startPhoto.png */; };
		E88EF6CB1DA6DE070009E99D /* AppDelegate.swift in Sources */ = {isa = PBXBuildFile; fileRef = E88EF6CA1DA6DE070009E99D /* AppDelegate.swift */; };
		E88EF6D01DA6DE070009E99D /* Main.storyboard in Resources */ = {isa = PBXBuildFile; fileRef = E88EF6CE1DA6DE070009E99D /* Main.storyboard */; };
		E88EF6D21DA6DE070009E99D /* Assets.xcassets in Resources */ = {isa = PBXBuildFile; fileRef = E88EF6D11DA6DE070009E99D /* Assets.xcassets */; };
		E88EF6E01DA6DE080009E99D /* Orbit_360_FacetrackingTests.swift in Sources */ = {isa = PBXBuildFile; fileRef = E88EF6DF1DA6DE080009E99D /* Orbit_360_FacetrackingTests.swift */; };
		E88EF6EB1DA6DE080009E99D /* Orbit_360_FacetrackingUITests.swift in Sources */ = {isa = PBXBuildFile; fileRef = E88EF6EA1DA6DE080009E99D /* Orbit_360_FacetrackingUITests.swift */; };
		E8A7D4761E76F6440096FAB7 /* UIWindowExtension.swift in Sources */ = {isa = PBXBuildFile; fileRef = E8A7D4751E76F6440096FAB7 /* UIWindowExtension.swift */; };
		E8F545CB1DB8CC0900ED5EFE /* CameraViewController.swift in Sources */ = {isa = PBXBuildFile; fileRef = E8F545CA1DB8CC0900ED5EFE /* CameraViewController.swift */; };
/* End PBXBuildFile section */

/* Begin PBXContainerItemProxy section */
		E88EF6DC1DA6DE080009E99D /* PBXContainerItemProxy */ = {
			isa = PBXContainerItemProxy;
			containerPortal = E88EF6BF1DA6DE070009E99D /* Project object */;
			proxyType = 1;
			remoteGlobalIDString = E88EF6C61DA6DE070009E99D;
			remoteInfo = "Orbit 360 Facetracking";
		};
		E88EF6E71DA6DE080009E99D /* PBXContainerItemProxy */ = {
			isa = PBXContainerItemProxy;
			containerPortal = E88EF6BF1DA6DE070009E99D /* Project object */;
			proxyType = 1;
			remoteGlobalIDString = E88EF6C61DA6DE070009E99D;
			remoteInfo = "Orbit 360 Facetracking";
		};
/* End PBXContainerItemProxy section */

/* Begin PBXFileReference section */
		03B0ED1B143F56371F15057B /* Pods-Orbit 360 FacetrackingUITests.release.xcconfig */ = {isa = PBXFileReference; includeInIndex = 1; lastKnownFileType = text.xcconfig; name = "Pods-Orbit 360 FacetrackingUITests.release.xcconfig"; path = "Pods/Target Support Files/Pods-Orbit 360 FacetrackingUITests/Pods-Orbit 360 FacetrackingUITests.release.xcconfig"; sourceTree = "<group>"; };
		2EFF894706876BF1876BD30E /* Pods-Orbit 360 FacetrackingTests.release.xcconfig */ = {isa = PBXFileReference; includeInIndex = 1; lastKnownFileType = text.xcconfig; name = "Pods-Orbit 360 FacetrackingTests.release.xcconfig"; path = "Pods/Target Support Files/Pods-Orbit 360 FacetrackingTests/Pods-Orbit 360 FacetrackingTests.release.xcconfig"; sourceTree = "<group>"; };
		3C3D17854958F2073B311719 /* Pods-Orbit 360 FacetrackingUITests.debug.xcconfig */ = {isa = PBXFileReference; includeInIndex = 1; lastKnownFileType = text.xcconfig; name = "Pods-Orbit 360 FacetrackingUITests.debug.xcconfig"; path = "Pods/Target Support Files/Pods-Orbit 360 FacetrackingUITests/Pods-Orbit 360 FacetrackingUITests.debug.xcconfig"; sourceTree = "<group>"; };
		5767D0D544A4E8EE7F6D89C1 /* libPods-Orbit 360 Facetracking.a */ = {isa = PBXFileReference; explicitFileType = archive.ar; includeInIndex = 0; path = "libPods-Orbit 360 Facetracking.a"; sourceTree = BUILT_PRODUCTS_DIR; };
		616538A151C3F3D3CA7BBDDC /* libPods-Orbit 360 FacetrackingUITests.a */ = {isa = PBXFileReference; explicitFileType = archive.ar; includeInIndex = 0; path = "libPods-Orbit 360 FacetrackingUITests.a"; sourceTree = BUILT_PRODUCTS_DIR; };
		802E8DADFE781A0E9591FAD0 /* Pods-Orbit 360 FacetrackingTests.debug.xcconfig */ = {isa = PBXFileReference; includeInIndex = 1; lastKnownFileType = text.xcconfig; name = "Pods-Orbit 360 FacetrackingTests.debug.xcconfig"; path = "Pods/Target Support Files/Pods-Orbit 360 FacetrackingTests/Pods-Orbit 360 FacetrackingTests.debug.xcconfig"; sourceTree = "<group>"; };
		A5831FA71E57275500A50103 /* CoordinateConversion.swift */ = {isa = PBXFileReference; fileEncoding = 4; lastKnownFileType = sourcecode.swift; path = CoordinateConversion.swift; sourceTree = "<group>"; };
		A5831FA91E57298800A50103 /* Point.swift */ = {isa = PBXFileReference; fileEncoding = 4; lastKnownFileType = sourcecode.swift; path = Point.swift; sourceTree = "<group>"; };
		A5831FAB1E5732A800A50103 /* Control.swift */ = {isa = PBXFileReference; fileEncoding = 4; lastKnownFileType = sourcecode.swift; path = Control.swift; sourceTree = "<group>"; };
		B8A34279C18308A5E8E92D8C /* Pods-Orbit 360 Facetracking.release.xcconfig */ = {isa = PBXFileReference; includeInIndex = 1; lastKnownFileType = text.xcconfig; name = "Pods-Orbit 360 Facetracking.release.xcconfig"; path = "Pods/Target Support Files/Pods-Orbit 360 Facetracking/Pods-Orbit 360 Facetracking.release.xcconfig"; sourceTree = "<group>"; };
		D519106C457EB9C3586E19D2 /* Pods-Orbit 360 Facetracking.debug.xcconfig */ = {isa = PBXFileReference; includeInIndex = 1; lastKnownFileType = text.xcconfig; name = "Pods-Orbit 360 Facetracking.debug.xcconfig"; path = "Pods/Target Support Files/Pods-Orbit 360 Facetracking/Pods-Orbit 360 Facetracking.debug.xcconfig"; sourceTree = "<group>"; };
		E6B935749E82F4EDCEF89B08 /* libPods-Orbit 360 FacetrackingTests.a */ = {isa = PBXFileReference; explicitFileType = archive.ar; includeInIndex = 0; path = "libPods-Orbit 360 FacetrackingTests.a"; sourceTree = BUILT_PRODUCTS_DIR; };
		E80E5FF91E744B38004EF2DE /* gradient.jpg */ = {isa = PBXFileReference; lastKnownFileType = image.jpeg; name = gradient.jpg; path = ressources/gradient.jpg; sourceTree = "<group>"; };
		E80E5FFA1E744B38004EF2DE /* haarcascade_frontalface_alt.xml */ = {isa = PBXFileReference; fileEncoding = 4; lastKnownFileType = text.xml; name = haarcascade_frontalface_alt.xml; path = ressources/haarcascade_frontalface_alt.xml; sourceTree = "<group>"; };
		E80E60021E745269004EF2DE /* Loadingscreen.png */ = {isa = PBXFileReference; lastKnownFileType = image.png; name = Loadingscreen.png; path = ressources/Loadingscreen.png; sourceTree = "<group>"; };
		E80E60041E745C1A004EF2DE /* cameraicon.png */ = {isa = PBXFileReference; lastKnownFileType = image.png; name = cameraicon.png; path = ressources/cameraicon.png; sourceTree = "<group>"; };
		E80E60061E746ADA004EF2DE /* start.png */ = {isa = PBXFileReference; lastKnownFileType = image.png; name = start.png; path = ressources/start.png; sourceTree = "<group>"; };
		E80E60071E746ADA004EF2DE /* stop.png */ = {isa = PBXFileReference; lastKnownFileType = image.png; name = stop.png; path = ressources/stop.png; sourceTree = "<group>"; };
		E81EC93B1DE348EF005330F0 /* IPhoneModel.swift */ = {isa = PBXFileReference; fileEncoding = 4; lastKnownFileType = sourcecode.swift; path = IPhoneModel.swift; sourceTree = "<group>"; };
		E827BA141DB5171C005257CB /* BLEDiscovery.swift */ = {isa = PBXFileReference; fileEncoding = 4; lastKnownFileType = sourcecode.swift; path = BLEDiscovery.swift; sourceTree = "<group>"; };
		E827BA161DB517DC005257CB /* BLEService.swift */ = {isa = PBXFileReference; fileEncoding = 4; lastKnownFileType = sourcecode.swift; path = BLEService.swift; sourceTree = "<group>"; };
		E843FE4A1DBDB83F00C0B855 /* MotorControl.swift */ = {isa = PBXFileReference; fileEncoding = 4; lastKnownFileType = sourcecode.swift; path = MotorControl.swift; sourceTree = "<group>"; };
		E844FAAA1E748B8500082DA2 /* signal_blue.png */ = {isa = PBXFileReference; lastKnownFileType = image.png; name = signal_blue.png; path = ressources/signal_blue.png; sourceTree = "<group>"; };
		E844FAAB1E748B8500082DA2 /* signal_dark_blue.png */ = {isa = PBXFileReference; lastKnownFileType = image.png; name = signal_dark_blue.png; path = ressources/signal_dark_blue.png; sourceTree = "<group>"; };
		E844FAAC1E748B8500082DA2 /* signal_grey.png */ = {isa = PBXFileReference; lastKnownFileType = image.png; name = signal_grey.png; path = ressources/signal_grey.png; sourceTree = "<group>"; };
		E844FAB01E748E6500082DA2 /* ConnectViewController.swift */ = {isa = PBXFileReference; fileEncoding = 4; lastKnownFileType = sourcecode.swift; path = ConnectViewController.swift; sourceTree = "<group>"; };
		E880ADFE1E74872C00E41ADB /* Base */ = {isa = PBXFileReference; lastKnownFileType = file.storyboard; name = Base; path = "Base.lproj/Launch Screen.storyboard"; sourceTree = "<group>"; };
		E88B105B1E7C29D300794DAD /* startPhoto.png */ = {isa = PBXFileReference; lastKnownFileType = image.png; name = startPhoto.png; path = ressources/startPhoto.png; sourceTree = "<group>"; };
		E88EF6C71DA6DE070009E99D /* Orbit 360 Facetracking.app */ = {isa = PBXFileReference; explicitFileType = wrapper.application; includeInIndex = 0; path = "Orbit 360 Facetracking.app"; sourceTree = BUILT_PRODUCTS_DIR; };
		E88EF6CA1DA6DE070009E99D /* AppDelegate.swift */ = {isa = PBXFileReference; lastKnownFileType = sourcecode.swift; path = AppDelegate.swift; sourceTree = "<group>"; };
		E88EF6CF1DA6DE070009E99D /* Base */ = {isa = PBXFileReference; lastKnownFileType = file.storyboard; name = Base; path = Base.lproj/Main.storyboard; sourceTree = "<group>"; };
		E88EF6D11DA6DE070009E99D /* Assets.xcassets */ = {isa = PBXFileReference; lastKnownFileType = folder.assetcatalog; path = Assets.xcassets; sourceTree = "<group>"; };
		E88EF6D61DA6DE070009E99D /* Info.plist */ = {isa = PBXFileReference; lastKnownFileType = text.plist.xml; path = Info.plist; sourceTree = "<group>"; };
		E88EF6DB1DA6DE080009E99D /* Orbit 360 FacetrackingTests.xctest */ = {isa = PBXFileReference; explicitFileType = wrapper.cfbundle; includeInIndex = 0; path = "Orbit 360 FacetrackingTests.xctest"; sourceTree = BUILT_PRODUCTS_DIR; };
		E88EF6DF1DA6DE080009E99D /* Orbit_360_FacetrackingTests.swift */ = {isa = PBXFileReference; lastKnownFileType = sourcecode.swift; path = Orbit_360_FacetrackingTests.swift; sourceTree = "<group>"; };
		E88EF6E11DA6DE080009E99D /* Info.plist */ = {isa = PBXFileReference; lastKnownFileType = text.plist.xml; path = Info.plist; sourceTree = "<group>"; };
		E88EF6E61DA6DE080009E99D /* Orbit 360 FacetrackingUITests.xctest */ = {isa = PBXFileReference; explicitFileType = wrapper.cfbundle; includeInIndex = 0; path = "Orbit 360 FacetrackingUITests.xctest"; sourceTree = BUILT_PRODUCTS_DIR; };
		E88EF6EA1DA6DE080009E99D /* Orbit_360_FacetrackingUITests.swift */ = {isa = PBXFileReference; lastKnownFileType = sourcecode.swift; path = Orbit_360_FacetrackingUITests.swift; sourceTree = "<group>"; };
		E88EF6EC1DA6DE080009E99D /* Info.plist */ = {isa = PBXFileReference; lastKnownFileType = text.plist.xml; path = Info.plist; sourceTree = "<group>"; };
		E8A7D4751E76F6440096FAB7 /* UIWindowExtension.swift */ = {isa = PBXFileReference; fileEncoding = 4; lastKnownFileType = sourcecode.swift; path = UIWindowExtension.swift; sourceTree = "<group>"; };
		E8F545CA1DB8CC0900ED5EFE /* CameraViewController.swift */ = {isa = PBXFileReference; fileEncoding = 4; lastKnownFileType = sourcecode.swift; path = CameraViewController.swift; sourceTree = "<group>"; };
/* End PBXFileReference section */

/* Begin PBXFrameworksBuildPhase section */
		E88EF6C41DA6DE070009E99D /* Frameworks */ = {
			isa = PBXFrameworksBuildPhase;
			buildActionMask = 2147483647;
			files = (
				185FB48B7B462FFF154A7DBF /* libPods-Orbit 360 Facetracking.a in Frameworks */,
			);
			runOnlyForDeploymentPostprocessing = 0;
		};
		E88EF6D81DA6DE080009E99D /* Frameworks */ = {
			isa = PBXFrameworksBuildPhase;
			buildActionMask = 2147483647;
			files = (
				611837C3672731E2EA7E7557 /* libPods-Orbit 360 FacetrackingTests.a in Frameworks */,
			);
			runOnlyForDeploymentPostprocessing = 0;
		};
		E88EF6E31DA6DE080009E99D /* Frameworks */ = {
			isa = PBXFrameworksBuildPhase;
			buildActionMask = 2147483647;
			files = (
				6261439EE1E603497DE76FD1 /* libPods-Orbit 360 FacetrackingUITests.a in Frameworks */,
			);
			runOnlyForDeploymentPostprocessing = 0;
		};
/* End PBXFrameworksBuildPhase section */

/* Begin PBXGroup section */
		5454F39DA700F163BE2C0495 /* Pods */ = {
			isa = PBXGroup;
			children = (
				D519106C457EB9C3586E19D2 /* Pods-Orbit 360 Facetracking.debug.xcconfig */,
				B8A34279C18308A5E8E92D8C /* Pods-Orbit 360 Facetracking.release.xcconfig */,
				802E8DADFE781A0E9591FAD0 /* Pods-Orbit 360 FacetrackingTests.debug.xcconfig */,
				2EFF894706876BF1876BD30E /* Pods-Orbit 360 FacetrackingTests.release.xcconfig */,
				3C3D17854958F2073B311719 /* Pods-Orbit 360 FacetrackingUITests.debug.xcconfig */,
				03B0ED1B143F56371F15057B /* Pods-Orbit 360 FacetrackingUITests.release.xcconfig */,
			);
			name = Pods;
			sourceTree = "<group>";
		};
		7EAB1FBB964F3926D5107036 /* Frameworks */ = {
			isa = PBXGroup;
			children = (
				5767D0D544A4E8EE7F6D89C1 /* libPods-Orbit 360 Facetracking.a */,
				E6B935749E82F4EDCEF89B08 /* libPods-Orbit 360 FacetrackingTests.a */,
				616538A151C3F3D3CA7BBDDC /* libPods-Orbit 360 FacetrackingUITests.a */,
			);
			name = Frameworks;
			sourceTree = "<group>";
		};
		A5831FA61E57271400A50103 /* Tracking */ = {
			isa = PBXGroup;
			children = (
				A5831FA71E57275500A50103 /* CoordinateConversion.swift */,
				A5831FA91E57298800A50103 /* Point.swift */,
				A5831FAB1E5732A800A50103 /* Control.swift */,
			);
			name = Tracking;
			sourceTree = "<group>";
		};
		E827BA131DB516F7005257CB /* BLE */ = {
			isa = PBXGroup;
			children = (
				E827BA141DB5171C005257CB /* BLEDiscovery.swift */,
				E827BA161DB517DC005257CB /* BLEService.swift */,
			);
			name = BLE;
			sourceTree = "<group>";
		};
		E88EF6BE1DA6DE070009E99D = {
			isa = PBXGroup;
			children = (
				E88EF6C91DA6DE070009E99D /* Orbit 360 Facetracking */,
				E88EF6DE1DA6DE080009E99D /* Orbit 360 FacetrackingTests */,
				E88EF6E91DA6DE080009E99D /* Orbit 360 FacetrackingUITests */,
				E88EF6C81DA6DE070009E99D /* Products */,
				5454F39DA700F163BE2C0495 /* Pods */,
				7EAB1FBB964F3926D5107036 /* Frameworks */,
			);
			sourceTree = "<group>";
		};
		E88EF6C81DA6DE070009E99D /* Products */ = {
			isa = PBXGroup;
			children = (
				E88EF6C71DA6DE070009E99D /* Orbit 360 Facetracking.app */,
				E88EF6DB1DA6DE080009E99D /* Orbit 360 FacetrackingTests.xctest */,
				E88EF6E61DA6DE080009E99D /* Orbit 360 FacetrackingUITests.xctest */,
			);
			name = Products;
			sourceTree = "<group>";
		};
		E88EF6C91DA6DE070009E99D /* Orbit 360 Facetracking */ = {
			isa = PBXGroup;
			children = (
				E8EFEB2A1E6485280088F663 /* Ressources */,
				E88EF6CA1DA6DE070009E99D /* AppDelegate.swift */,
				E8A7D4751E76F6440096FAB7 /* UIWindowExtension.swift */,
				E88EF6CE1DA6DE070009E99D /* Main.storyboard */,
				E880ADFD1E74872C00E41ADB /* Launch Screen.storyboard */,
				E88EF6D11DA6DE070009E99D /* Assets.xcassets */,
				E88EF6D61DA6DE070009E99D /* Info.plist */,
				E827BA131DB516F7005257CB /* BLE */,
				E8F545C71DB7F2EF00ED5EFE /* UI */,
				E8F545CC1DB8CD5400ED5EFE /* MotorControl */,
			);
			path = "Orbit 360 Facetracking";
			sourceTree = "<group>";
		};
		E88EF6DE1DA6DE080009E99D /* Orbit 360 FacetrackingTests */ = {
			isa = PBXGroup;
			children = (
				E88EF6DF1DA6DE080009E99D /* Orbit_360_FacetrackingTests.swift */,
				E88EF6E11DA6DE080009E99D /* Info.plist */,
			);
			path = "Orbit 360 FacetrackingTests";
			sourceTree = "<group>";
		};
		E88EF6E91DA6DE080009E99D /* Orbit 360 FacetrackingUITests */ = {
			isa = PBXGroup;
			children = (
				E88EF6EA1DA6DE080009E99D /* Orbit_360_FacetrackingUITests.swift */,
				E88EF6EC1DA6DE080009E99D /* Info.plist */,
			);
			path = "Orbit 360 FacetrackingUITests";
			sourceTree = "<group>";
		};
		E8DDB3561DB92CC300131B76 /* BLE */ = {
			isa = PBXGroup;
			children = (
				E844FAB01E748E6500082DA2 /* ConnectViewController.swift */,
			);
			name = BLE;
			sourceTree = "<group>";
		};
		E8DDB3571DB92CCE00131B76 /* Camera */ = {
			isa = PBXGroup;
			children = (
				E8F545CA1DB8CC0900ED5EFE /* CameraViewController.swift */,
				E81EC93B1DE348EF005330F0 /* IPhoneModel.swift */,
			);
			name = Camera;
			sourceTree = "<group>";
		};
		E8EFEB2A1E6485280088F663 /* Ressources */ = {
			isa = PBXGroup;
			children = (
				E80E5FF91E744B38004EF2DE /* gradient.jpg */,
				E80E5FFA1E744B38004EF2DE /* haarcascade_frontalface_alt.xml */,
				E80E60021E745269004EF2DE /* Loadingscreen.png */,
				E80E60061E746ADA004EF2DE /* start.png */,
				E88B105B1E7C29D300794DAD /* startPhoto.png */,
				E80E60071E746ADA004EF2DE /* stop.png */,
				E80E60041E745C1A004EF2DE /* cameraicon.png */,
				E844FAAA1E748B8500082DA2 /* signal_blue.png */,
				E844FAAB1E748B8500082DA2 /* signal_dark_blue.png */,
				E844FAAC1E748B8500082DA2 /* signal_grey.png */,
			);
			name = Ressources;
			sourceTree = "<group>";
		};
		E8F545C71DB7F2EF00ED5EFE /* UI */ = {
			isa = PBXGroup;
			children = (
				A5831FA61E57271400A50103 /* Tracking */,
				E8DDB3561DB92CC300131B76 /* BLE */,
				E8DDB3571DB92CCE00131B76 /* Camera */,
			);
			name = UI;
			sourceTree = "<group>";
		};
		E8F545CC1DB8CD5400ED5EFE /* MotorControl */ = {
			isa = PBXGroup;
			children = (
				E843FE4A1DBDB83F00C0B855 /* MotorControl.swift */,
			);
			name = MotorControl;
			sourceTree = "<group>";
		};
/* End PBXGroup section */

/* Begin PBXNativeTarget section */
		E88EF6C61DA6DE070009E99D /* Orbit 360 Facetracking */ = {
			isa = PBXNativeTarget;
			buildConfigurationList = E88EF6EF1DA6DE080009E99D /* Build configuration list for PBXNativeTarget "Orbit 360 Facetracking" */;
			buildPhases = (
				761F6B0AC7BAA792BA27260F /* [CP] Check Pods Manifest.lock */,
				E88EF6C31DA6DE070009E99D /* Sources */,
				E88EF6C41DA6DE070009E99D /* Frameworks */,
				E88EF6C51DA6DE070009E99D /* Resources */,
				7DEE4052DB8D184FB4A438ED /* [CP] Embed Pods Frameworks */,
				4B7A59BB12B59A4B286321AF /* [CP] Copy Pods Resources */,
			);
			buildRules = (
			);
			dependencies = (
			);
			name = "Orbit 360 Facetracking";
			productName = "Orbit 360 Facetracking";
			productReference = E88EF6C71DA6DE070009E99D /* Orbit 360 Facetracking.app */;
			productType = "com.apple.product-type.application";
		};
		E88EF6DA1DA6DE080009E99D /* Orbit 360 FacetrackingTests */ = {
			isa = PBXNativeTarget;
			buildConfigurationList = E88EF6F21DA6DE080009E99D /* Build configuration list for PBXNativeTarget "Orbit 360 FacetrackingTests" */;
			buildPhases = (
				F14F045D89B64A03C770D741 /* [CP] Check Pods Manifest.lock */,
				E88EF6D71DA6DE080009E99D /* Sources */,
				E88EF6D81DA6DE080009E99D /* Frameworks */,
				E88EF6D91DA6DE080009E99D /* Resources */,
				28A77D80C064A7D479070589 /* [CP] Embed Pods Frameworks */,
				D68BFEDBFEA4C5944B42CFF2 /* [CP] Copy Pods Resources */,
			);
			buildRules = (
			);
			dependencies = (
				E88EF6DD1DA6DE080009E99D /* PBXTargetDependency */,
			);
			name = "Orbit 360 FacetrackingTests";
			productName = "Orbit 360 FacetrackingTests";
			productReference = E88EF6DB1DA6DE080009E99D /* Orbit 360 FacetrackingTests.xctest */;
			productType = "com.apple.product-type.bundle.unit-test";
		};
		E88EF6E51DA6DE080009E99D /* Orbit 360 FacetrackingUITests */ = {
			isa = PBXNativeTarget;
			buildConfigurationList = E88EF6F51DA6DE080009E99D /* Build configuration list for PBXNativeTarget "Orbit 360 FacetrackingUITests" */;
			buildPhases = (
				AB2B8170596A09FF4F2659B9 /* [CP] Check Pods Manifest.lock */,
				E88EF6E21DA6DE080009E99D /* Sources */,
				E88EF6E31DA6DE080009E99D /* Frameworks */,
				E88EF6E41DA6DE080009E99D /* Resources */,
				570A473B70C1AC826A5326C9 /* [CP] Embed Pods Frameworks */,
				687FF5CA139A8D0FCBE3CC3E /* [CP] Copy Pods Resources */,
			);
			buildRules = (
			);
			dependencies = (
				E88EF6E81DA6DE080009E99D /* PBXTargetDependency */,
			);
			name = "Orbit 360 FacetrackingUITests";
			productName = "Orbit 360 FacetrackingUITests";
			productReference = E88EF6E61DA6DE080009E99D /* Orbit 360 FacetrackingUITests.xctest */;
			productType = "com.apple.product-type.bundle.ui-testing";
		};
/* End PBXNativeTarget section */

/* Begin PBXProject section */
		E88EF6BF1DA6DE070009E99D /* Project object */ = {
			isa = PBXProject;
			attributes = {
				LastSwiftUpdateCheck = 0730;
				LastUpgradeCheck = 0810;
				ORGANIZATIONNAME = "Philipp Meyer";
				TargetAttributes = {
					E88EF6C61DA6DE070009E99D = {
						CreatedOnToolsVersion = 7.3;
						DevelopmentTeam = 93N5JQ6UW7;
						LastSwiftMigration = 0810;
					};
					E88EF6DA1DA6DE080009E99D = {
						CreatedOnToolsVersion = 7.3;
						DevelopmentTeam = 93N5JQ6UW7;
						LastSwiftMigration = 0810;
						TestTargetID = E88EF6C61DA6DE070009E99D;
					};
					E88EF6E51DA6DE080009E99D = {
						CreatedOnToolsVersion = 7.3;
						DevelopmentTeam = 93N5JQ6UW7;
						LastSwiftMigration = 0810;
						TestTargetID = E88EF6C61DA6DE070009E99D;
					};
				};
			};
			buildConfigurationList = E88EF6C21DA6DE070009E99D /* Build configuration list for PBXProject "Orbit 360 Facetracking" */;
			compatibilityVersion = "Xcode 3.2";
			developmentRegion = English;
			hasScannedForEncodings = 0;
			knownRegions = (
				en,
				Base,
			);
			mainGroup = E88EF6BE1DA6DE070009E99D;
			productRefGroup = E88EF6C81DA6DE070009E99D /* Products */;
			projectDirPath = "";
			projectRoot = "";
			targets = (
				E88EF6C61DA6DE070009E99D /* Orbit 360 Facetracking */,
				E88EF6DA1DA6DE080009E99D /* Orbit 360 FacetrackingTests */,
				E88EF6E51DA6DE080009E99D /* Orbit 360 FacetrackingUITests */,
			);
		};
/* End PBXProject section */

/* Begin PBXResourcesBuildPhase section */
		E88EF6C51DA6DE070009E99D /* Resources */ = {
			isa = PBXResourcesBuildPhase;
			buildActionMask = 2147483647;
			files = (
				E844FAAF1E748B8500082DA2 /* signal_grey.png in Resources */,
				E80E60031E745269004EF2DE /* Loadingscreen.png in Resources */,
				E80E60091E746ADA004EF2DE /* stop.png in Resources */,
				E80E60081E746ADA004EF2DE /* start.png in Resources */,
				E844FAAD1E748B8500082DA2 /* signal_blue.png in Resources */,
				E88EF6D21DA6DE070009E99D /* Assets.xcassets in Resources */,
				E88B105C1E7C29D300794DAD /* startPhoto.png in Resources */,
				E880ADFF1E74872C00E41ADB /* Launch Screen.storyboard in Resources */,
				E80E5FFE1E744B38004EF2DE /* gradient.jpg in Resources */,
				E88EF6D01DA6DE070009E99D /* Main.storyboard in Resources */,
				E844FAAE1E748B8500082DA2 /* signal_dark_blue.png in Resources */,
				E80E5FFF1E744B38004EF2DE /* haarcascade_frontalface_alt.xml in Resources */,
				E80E60051E745C1A004EF2DE /* cameraicon.png in Resources */,
			);
			runOnlyForDeploymentPostprocessing = 0;
		};
		E88EF6D91DA6DE080009E99D /* Resources */ = {
			isa = PBXResourcesBuildPhase;
			buildActionMask = 2147483647;
			files = (
			);
			runOnlyForDeploymentPostprocessing = 0;
		};
		E88EF6E41DA6DE080009E99D /* Resources */ = {
			isa = PBXResourcesBuildPhase;
			buildActionMask = 2147483647;
			files = (
			);
			runOnlyForDeploymentPostprocessing = 0;
		};
/* End PBXResourcesBuildPhase section */

/* Begin PBXShellScriptBuildPhase section */
		28A77D80C064A7D479070589 /* [CP] Embed Pods Frameworks */ = {
			isa = PBXShellScriptBuildPhase;
			buildActionMask = 2147483647;
			files = (
			);
			inputPaths = (
			);
			name = "[CP] Embed Pods Frameworks";
			outputPaths = (
			);
			runOnlyForDeploymentPostprocessing = 0;
			shellPath = /bin/sh;
			shellScript = "\"${SRCROOT}/Pods/Target Support Files/Pods-Orbit 360 FacetrackingTests/Pods-Orbit 360 FacetrackingTests-frameworks.sh\"\n";
			showEnvVarsInLog = 0;
		};
		4B7A59BB12B59A4B286321AF /* [CP] Copy Pods Resources */ = {
			isa = PBXShellScriptBuildPhase;
			buildActionMask = 2147483647;
			files = (
			);
			inputPaths = (
			);
			name = "[CP] Copy Pods Resources";
			outputPaths = (
			);
			runOnlyForDeploymentPostprocessing = 0;
			shellPath = /bin/sh;
			shellScript = "\"${SRCROOT}/Pods/Target Support Files/Pods-Orbit 360 Facetracking/Pods-Orbit 360 Facetracking-resources.sh\"\n";
			showEnvVarsInLog = 0;
		};
		570A473B70C1AC826A5326C9 /* [CP] Embed Pods Frameworks */ = {
			isa = PBXShellScriptBuildPhase;
			buildActionMask = 2147483647;
			files = (
			);
			inputPaths = (
			);
			name = "[CP] Embed Pods Frameworks";
			outputPaths = (
			);
			runOnlyForDeploymentPostprocessing = 0;
			shellPath = /bin/sh;
			shellScript = "\"${SRCROOT}/Pods/Target Support Files/Pods-Orbit 360 FacetrackingUITests/Pods-Orbit 360 FacetrackingUITests-frameworks.sh\"\n";
			showEnvVarsInLog = 0;
		};
		687FF5CA139A8D0FCBE3CC3E /* [CP] Copy Pods Resources */ = {
			isa = PBXShellScriptBuildPhase;
			buildActionMask = 2147483647;
			files = (
			);
			inputPaths = (
			);
			name = "[CP] Copy Pods Resources";
			outputPaths = (
			);
			runOnlyForDeploymentPostprocessing = 0;
			shellPath = /bin/sh;
			shellScript = "\"${SRCROOT}/Pods/Target Support Files/Pods-Orbit 360 FacetrackingUITests/Pods-Orbit 360 FacetrackingUITests-resources.sh\"\n";
			showEnvVarsInLog = 0;
		};
		761F6B0AC7BAA792BA27260F /* [CP] Check Pods Manifest.lock */ = {
			isa = PBXShellScriptBuildPhase;
			buildActionMask = 2147483647;
			files = (
			);
			inputPaths = (
			);
			name = "[CP] Check Pods Manifest.lock";
			outputPaths = (
			);
			runOnlyForDeploymentPostprocessing = 0;
			shellPath = /bin/sh;
			shellScript = "diff \"${PODS_ROOT}/../Podfile.lock\" \"${PODS_ROOT}/Manifest.lock\" > /dev/null\nif [ $? != 0 ] ; then\n    # print error to STDERR\n    echo \"error: The sandbox is not in sync with the Podfile.lock. Run 'pod install' or update your CocoaPods installation.\" >&2\n    exit 1\nfi\n";
			showEnvVarsInLog = 0;
		};
		7DEE4052DB8D184FB4A438ED /* [CP] Embed Pods Frameworks */ = {
			isa = PBXShellScriptBuildPhase;
			buildActionMask = 2147483647;
			files = (
			);
			inputPaths = (
			);
			name = "[CP] Embed Pods Frameworks";
			outputPaths = (
			);
			runOnlyForDeploymentPostprocessing = 0;
			shellPath = /bin/sh;
			shellScript = "\"${SRCROOT}/Pods/Target Support Files/Pods-Orbit 360 Facetracking/Pods-Orbit 360 Facetracking-frameworks.sh\"\n";
			showEnvVarsInLog = 0;
		};
		AB2B8170596A09FF4F2659B9 /* [CP] Check Pods Manifest.lock */ = {
			isa = PBXShellScriptBuildPhase;
			buildActionMask = 2147483647;
			files = (
			);
			inputPaths = (
			);
			name = "[CP] Check Pods Manifest.lock";
			outputPaths = (
			);
			runOnlyForDeploymentPostprocessing = 0;
			shellPath = /bin/sh;
			shellScript = "diff \"${PODS_ROOT}/../Podfile.lock\" \"${PODS_ROOT}/Manifest.lock\" > /dev/null\nif [ $? != 0 ] ; then\n    # print error to STDERR\n    echo \"error: The sandbox is not in sync with the Podfile.lock. Run 'pod install' or update your CocoaPods installation.\" >&2\n    exit 1\nfi\n";
			showEnvVarsInLog = 0;
		};
		D68BFEDBFEA4C5944B42CFF2 /* [CP] Copy Pods Resources */ = {
			isa = PBXShellScriptBuildPhase;
			buildActionMask = 2147483647;
			files = (
			);
			inputPaths = (
			);
			name = "[CP] Copy Pods Resources";
			outputPaths = (
			);
			runOnlyForDeploymentPostprocessing = 0;
			shellPath = /bin/sh;
			shellScript = "\"${SRCROOT}/Pods/Target Support Files/Pods-Orbit 360 FacetrackingTests/Pods-Orbit 360 FacetrackingTests-resources.sh\"\n";
			showEnvVarsInLog = 0;
		};
		F14F045D89B64A03C770D741 /* [CP] Check Pods Manifest.lock */ = {
			isa = PBXShellScriptBuildPhase;
			buildActionMask = 2147483647;
			files = (
			);
			inputPaths = (
			);
			name = "[CP] Check Pods Manifest.lock";
			outputPaths = (
			);
			runOnlyForDeploymentPostprocessing = 0;
			shellPath = /bin/sh;
			shellScript = "diff \"${PODS_ROOT}/../Podfile.lock\" \"${PODS_ROOT}/Manifest.lock\" > /dev/null\nif [ $? != 0 ] ; then\n    # print error to STDERR\n    echo \"error: The sandbox is not in sync with the Podfile.lock. Run 'pod install' or update your CocoaPods installation.\" >&2\n    exit 1\nfi\n";
			showEnvVarsInLog = 0;
		};
/* End PBXShellScriptBuildPhase section */

/* Begin PBXSourcesBuildPhase section */
		E88EF6C31DA6DE070009E99D /* Sources */ = {
			isa = PBXSourcesBuildPhase;
			buildActionMask = 2147483647;
			files = (
				E844FAB11E748E6500082DA2 /* ConnectViewController.swift in Sources */,
				A5831FAC1E5732A800A50103 /* Control.swift in Sources */,
				E827BA151DB5171C005257CB /* BLEDiscovery.swift in Sources */,
				E8A7D4761E76F6440096FAB7 /* UIWindowExtension.swift in Sources */,
				E843FE4B1DBDB83F00C0B855 /* MotorControl.swift in Sources */,
				E81EC93C1DE348F0005330F0 /* IPhoneModel.swift in Sources */,
				E827BA171DB517DC005257CB /* BLEService.swift in Sources */,
				A5831FA81E57275500A50103 /* CoordinateConversion.swift in Sources */,
				A5831FAA1E57298800A50103 /* Point.swift in Sources */,
				E8F545CB1DB8CC0900ED5EFE /* CameraViewController.swift in Sources */,
				E88EF6CB1DA6DE070009E99D /* AppDelegate.swift in Sources */,
			);
			runOnlyForDeploymentPostprocessing = 0;
		};
		E88EF6D71DA6DE080009E99D /* Sources */ = {
			isa = PBXSourcesBuildPhase;
			buildActionMask = 2147483647;
			files = (
				E88EF6E01DA6DE080009E99D /* Orbit_360_FacetrackingTests.swift in Sources */,
			);
			runOnlyForDeploymentPostprocessing = 0;
		};
		E88EF6E21DA6DE080009E99D /* Sources */ = {
			isa = PBXSourcesBuildPhase;
			buildActionMask = 2147483647;
			files = (
				E88EF6EB1DA6DE080009E99D /* Orbit_360_FacetrackingUITests.swift in Sources */,
			);
			runOnlyForDeploymentPostprocessing = 0;
		};
/* End PBXSourcesBuildPhase section */

/* Begin PBXTargetDependency section */
		E88EF6DD1DA6DE080009E99D /* PBXTargetDependency */ = {
			isa = PBXTargetDependency;
			target = E88EF6C61DA6DE070009E99D /* Orbit 360 Facetracking */;
			targetProxy = E88EF6DC1DA6DE080009E99D /* PBXContainerItemProxy */;
		};
		E88EF6E81DA6DE080009E99D /* PBXTargetDependency */ = {
			isa = PBXTargetDependency;
			target = E88EF6C61DA6DE070009E99D /* Orbit 360 Facetracking */;
			targetProxy = E88EF6E71DA6DE080009E99D /* PBXContainerItemProxy */;
		};
/* End PBXTargetDependency section */

/* Begin PBXVariantGroup section */
		E880ADFD1E74872C00E41ADB /* Launch Screen.storyboard */ = {
			isa = PBXVariantGroup;
			children = (
				E880ADFE1E74872C00E41ADB /* Base */,
			);
			name = "Launch Screen.storyboard";
			sourceTree = "<group>";
		};
		E88EF6CE1DA6DE070009E99D /* Main.storyboard */ = {
			isa = PBXVariantGroup;
			children = (
				E88EF6CF1DA6DE070009E99D /* Base */,
			);
			name = Main.storyboard;
			sourceTree = "<group>";
		};
/* End PBXVariantGroup section */

/* Begin XCBuildConfiguration section */
		E88EF6ED1DA6DE080009E99D /* Debug */ = {
			isa = XCBuildConfiguration;
			buildSettings = {
				ALWAYS_SEARCH_USER_PATHS = NO;
				CLANG_ANALYZER_NONNULL = YES;
				CLANG_CXX_LANGUAGE_STANDARD = "gnu++0x";
				CLANG_CXX_LIBRARY = "libc++";
				CLANG_ENABLE_MODULES = YES;
				CLANG_ENABLE_OBJC_ARC = YES;
				CLANG_WARN_BOOL_CONVERSION = YES;
				CLANG_WARN_CONSTANT_CONVERSION = YES;
				CLANG_WARN_DIRECT_OBJC_ISA_USAGE = YES_ERROR;
				CLANG_WARN_EMPTY_BODY = YES;
				CLANG_WARN_ENUM_CONVERSION = YES;
				CLANG_WARN_INFINITE_RECURSION = YES;
				CLANG_WARN_INT_CONVERSION = YES;
				CLANG_WARN_OBJC_ROOT_CLASS = YES_ERROR;
				CLANG_WARN_SUSPICIOUS_MOVE = YES;
				CLANG_WARN_UNREACHABLE_CODE = YES;
				CLANG_WARN__DUPLICATE_METHOD_MATCH = YES;
				"CODE_SIGN_IDENTITY[sdk=iphoneos*]" = "iPhone Developer";
				COPY_PHASE_STRIP = NO;
				DEBUG_INFORMATION_FORMAT = dwarf;
				DEVELOPMENT_TEAM = 93N5JQ6UW7;
				ENABLE_STRICT_OBJC_MSGSEND = YES;
				ENABLE_TESTABILITY = YES;
				GCC_C_LANGUAGE_STANDARD = gnu99;
				GCC_DYNAMIC_NO_PIC = NO;
				GCC_NO_COMMON_BLOCKS = YES;
				GCC_OPTIMIZATION_LEVEL = 0;
				GCC_PREPROCESSOR_DEFINITIONS = (
					"DEBUG=1",
					"$(inherited)",
				);
				GCC_WARN_64_TO_32_BIT_CONVERSION = YES;
				GCC_WARN_ABOUT_RETURN_TYPE = YES_ERROR;
				GCC_WARN_UNDECLARED_SELECTOR = YES;
				GCC_WARN_UNINITIALIZED_AUTOS = YES_AGGRESSIVE;
				GCC_WARN_UNUSED_FUNCTION = YES;
				GCC_WARN_UNUSED_VARIABLE = YES;
				IPHONEOS_DEPLOYMENT_TARGET = 9.3;
				MTL_ENABLE_DEBUG_INFO = YES;
				ONLY_ACTIVE_ARCH = YES;
				SDKROOT = iphoneos;
				SWIFT_OPTIMIZATION_LEVEL = "-Onone";
			};
			name = Debug;
		};
		E88EF6EE1DA6DE080009E99D /* Release */ = {
			isa = XCBuildConfiguration;
			buildSettings = {
				ALWAYS_SEARCH_USER_PATHS = NO;
				CLANG_ANALYZER_NONNULL = YES;
				CLANG_CXX_LANGUAGE_STANDARD = "gnu++0x";
				CLANG_CXX_LIBRARY = "libc++";
				CLANG_ENABLE_MODULES = YES;
				CLANG_ENABLE_OBJC_ARC = YES;
				CLANG_WARN_BOOL_CONVERSION = YES;
				CLANG_WARN_CONSTANT_CONVERSION = YES;
				CLANG_WARN_DIRECT_OBJC_ISA_USAGE = YES_ERROR;
				CLANG_WARN_EMPTY_BODY = YES;
				CLANG_WARN_ENUM_CONVERSION = YES;
				CLANG_WARN_INFINITE_RECURSION = YES;
				CLANG_WARN_INT_CONVERSION = YES;
				CLANG_WARN_OBJC_ROOT_CLASS = YES_ERROR;
				CLANG_WARN_SUSPICIOUS_MOVE = YES;
				CLANG_WARN_UNREACHABLE_CODE = YES;
				CLANG_WARN__DUPLICATE_METHOD_MATCH = YES;
				"CODE_SIGN_IDENTITY[sdk=iphoneos*]" = "iPhone Developer";
				COPY_PHASE_STRIP = NO;
				DEBUG_INFORMATION_FORMAT = "dwarf-with-dsym";
				DEVELOPMENT_TEAM = 93N5JQ6UW7;
				ENABLE_NS_ASSERTIONS = NO;
				ENABLE_STRICT_OBJC_MSGSEND = YES;
				GCC_C_LANGUAGE_STANDARD = gnu99;
				GCC_NO_COMMON_BLOCKS = YES;
				GCC_WARN_64_TO_32_BIT_CONVERSION = YES;
				GCC_WARN_ABOUT_RETURN_TYPE = YES_ERROR;
				GCC_WARN_UNDECLARED_SELECTOR = YES;
				GCC_WARN_UNINITIALIZED_AUTOS = YES_AGGRESSIVE;
				GCC_WARN_UNUSED_FUNCTION = YES;
				GCC_WARN_UNUSED_VARIABLE = YES;
				IPHONEOS_DEPLOYMENT_TARGET = 9.3;
				MTL_ENABLE_DEBUG_INFO = NO;
				SDKROOT = iphoneos;
				SWIFT_OPTIMIZATION_LEVEL = "-Owholemodule";
				VALIDATE_PRODUCT = YES;
			};
			name = Release;
		};
		E88EF6F01DA6DE080009E99D /* Debug */ = {
			isa = XCBuildConfiguration;
			baseConfigurationReference = D519106C457EB9C3586E19D2 /* Pods-Orbit 360 Facetracking.debug.xcconfig */;
			buildSettings = {
				ASSETCATALOG_COMPILER_APPICON_NAME = AppIcon;
				CLANG_ENABLE_MODULES = YES;
				CODE_SIGN_IDENTITY = "iPhone Developer";
				"CODE_SIGN_IDENTITY[sdk=iphoneos*]" = "iPhone Developer";
				DEVELOPMENT_TEAM = 93N5JQ6UW7;
				FRAMEWORK_SEARCH_PATHS = (
					"$(inherited)",
					"$(PROJECT_DIR)",
				);
				GCC_OPTIMIZATION_LEVEL = 0;
				INFOPLIST_FILE = "Orbit 360 Facetracking/Info.plist";
				LD_RUNPATH_SEARCH_PATHS = "$(inherited) @executable_path/Frameworks";
				PRODUCT_BUNDLE_IDENTIFIER = "Meyer.Orbit-360-Facetracking";
				PRODUCT_NAME = "$(TARGET_NAME)";
				PROVISIONING_PROFILE = "";
				SWIFT_OPTIMIZATION_LEVEL = "-Onone";
				SWIFT_VERSION = 2.3;
			};
			name = Debug;
		};
		E88EF6F11DA6DE080009E99D /* Release */ = {
			isa = XCBuildConfiguration;
			baseConfigurationReference = B8A34279C18308A5E8E92D8C /* Pods-Orbit 360 Facetracking.release.xcconfig */;
			buildSettings = {
				ASSETCATALOG_COMPILER_APPICON_NAME = AppIcon;
				CLANG_ENABLE_MODULES = YES;
				CODE_SIGN_IDENTITY = "iPhone Developer";
				"CODE_SIGN_IDENTITY[sdk=iphoneos*]" = "iPhone Developer";
				DEVELOPMENT_TEAM = 93N5JQ6UW7;
				FRAMEWORK_SEARCH_PATHS = (
					"$(inherited)",
					"$(PROJECT_DIR)",
				);
				INFOPLIST_FILE = "Orbit 360 Facetracking/Info.plist";
				LD_RUNPATH_SEARCH_PATHS = "$(inherited) @executable_path/Frameworks";
				PRODUCT_BUNDLE_IDENTIFIER = "Meyer.Orbit-360-Facetracking";
				PRODUCT_NAME = "$(TARGET_NAME)";
				PROVISIONING_PROFILE = "";
				SWIFT_VERSION = 2.3;
			};
			name = Release;
		};
		E88EF6F31DA6DE080009E99D /* Debug */ = {
			isa = XCBuildConfiguration;
			baseConfigurationReference = 802E8DADFE781A0E9591FAD0 /* Pods-Orbit 360 FacetrackingTests.debug.xcconfig */;
			buildSettings = {
				BUNDLE_LOADER = "$(TEST_HOST)";
				INFOPLIST_FILE = "Orbit 360 FacetrackingTests/Info.plist";
				LD_RUNPATH_SEARCH_PATHS = "$(inherited) @executable_path/Frameworks @loader_path/Frameworks";
				PRODUCT_BUNDLE_IDENTIFIER = "Meyer.Orbit-360-FacetrackingTests";
				PRODUCT_NAME = "$(TARGET_NAME)";
				SWIFT_VERSION = 2.3;
				TEST_HOST = "$(BUILT_PRODUCTS_DIR)/Orbit 360 Facetracking.app/Orbit 360 Facetracking";
			};
			name = Debug;
		};
		E88EF6F41DA6DE080009E99D /* Release */ = {
			isa = XCBuildConfiguration;
			baseConfigurationReference = 2EFF894706876BF1876BD30E /* Pods-Orbit 360 FacetrackingTests.release.xcconfig */;
			buildSettings = {
				BUNDLE_LOADER = "$(TEST_HOST)";
				INFOPLIST_FILE = "Orbit 360 FacetrackingTests/Info.plist";
				LD_RUNPATH_SEARCH_PATHS = "$(inherited) @executable_path/Frameworks @loader_path/Frameworks";
				PRODUCT_BUNDLE_IDENTIFIER = "Meyer.Orbit-360-FacetrackingTests";
				PRODUCT_NAME = "$(TARGET_NAME)";
				SWIFT_VERSION = 2.3;
				TEST_HOST = "$(BUILT_PRODUCTS_DIR)/Orbit 360 Facetracking.app/Orbit 360 Facetracking";
			};
			name = Release;
		};
		E88EF6F61DA6DE080009E99D /* Debug */ = {
			isa = XCBuildConfiguration;
			baseConfigurationReference = 3C3D17854958F2073B311719 /* Pods-Orbit 360 FacetrackingUITests.debug.xcconfig */;
			buildSettings = {
				INFOPLIST_FILE = "Orbit 360 FacetrackingUITests/Info.plist";
				LD_RUNPATH_SEARCH_PATHS = "$(inherited) @executable_path/Frameworks @loader_path/Frameworks";
				PRODUCT_BUNDLE_IDENTIFIER = "Meyer.Orbit-360-FacetrackingUITests";
				PRODUCT_NAME = "$(TARGET_NAME)";
				SWIFT_VERSION = 2.3;
				TEST_TARGET_NAME = "Orbit 360 Facetracking";
			};
			name = Debug;
		};
		E88EF6F71DA6DE080009E99D /* Release */ = {
			isa = XCBuildConfiguration;
			baseConfigurationReference = 03B0ED1B143F56371F15057B /* Pods-Orbit 360 FacetrackingUITests.release.xcconfig */;
			buildSettings = {
				INFOPLIST_FILE = "Orbit 360 FacetrackingUITests/Info.plist";
				LD_RUNPATH_SEARCH_PATHS = "$(inherited) @executable_path/Frameworks @loader_path/Frameworks";
				PRODUCT_BUNDLE_IDENTIFIER = "Meyer.Orbit-360-FacetrackingUITests";
				PRODUCT_NAME = "$(TARGET_NAME)";
				SWIFT_VERSION = 2.3;
				TEST_TARGET_NAME = "Orbit 360 Facetracking";
			};
			name = Release;
		};
/* End XCBuildConfiguration section */

/* Begin XCConfigurationList section */
		E88EF6C21DA6DE070009E99D /* Build configuration list for PBXProject "Orbit 360 Facetracking" */ = {
			isa = XCConfigurationList;
			buildConfigurations = (
				E88EF6ED1DA6DE080009E99D /* Debug */,
				E88EF6EE1DA6DE080009E99D /* Release */,
			);
			defaultConfigurationIsVisible = 0;
			defaultConfigurationName = Release;
		};
		E88EF6EF1DA6DE080009E99D /* Build configuration list for PBXNativeTarget "Orbit 360 Facetracking" */ = {
			isa = XCConfigurationList;
			buildConfigurations = (
				E88EF6F01DA6DE080009E99D /* Debug */,
				E88EF6F11DA6DE080009E99D /* Release */,
			);
			defaultConfigurationIsVisible = 0;
			defaultConfigurationName = Release;
		};
		E88EF6F21DA6DE080009E99D /* Build configuration list for PBXNativeTarget "Orbit 360 FacetrackingTests" */ = {
			isa = XCConfigurationList;
			buildConfigurations = (
				E88EF6F31DA6DE080009E99D /* Debug */,
				E88EF6F41DA6DE080009E99D /* Release */,
			);
			defaultConfigurationIsVisible = 0;
			defaultConfigurationName = Release;
		};
		E88EF6F51DA6DE080009E99D /* Build configuration list for PBXNativeTarget "Orbit 360 FacetrackingUITests" */ = {
			isa = XCConfigurationList;
			buildConfigurations = (
				E88EF6F61DA6DE080009E99D /* Debug */,
				E88EF6F71DA6DE080009E99D /* Release */,
			);
			defaultConfigurationIsVisible = 0;
			defaultConfigurationName = Release;
		};
/* End XCConfigurationList section */
	};
	rootObject = E88EF6BF1DA6DE070009E99D /* Project object */;
}
